
Microsoft Visual Studio Solution File, Format Version 12.00
# Visual Studio Version 16
VisualStudioVersion = 16.0.31729.503
MinimumVisualStudioVersion = 10.0.40219.1
Project("{FAE04EC0-301F-11D3-BF4B-00C04F79EFBC}") = "APIGateway", "APIGateway\APIGateway.csproj", "{833BE97A-9FC0-4566-AEC8-DFFCE4EB65A9}"
EndProject
Project("{FAE04EC0-301F-11D3-BF4B-00C04F79EFBC}") = "ProductAPIService", "ProductAPIService\ProductAPIService.csproj", "{0D780A4E-8DDF-4A60-A09D-DB88B8939F96}"
EndProject
Project("{FAE04EC0-301F-11D3-BF4B-00C04F79EFBC}") = "CustomerAPIService", "CustomerAPIService\CustomerAPIService.csproj", "{1B0CC0BD-DBE8-413D-A5CD-3EFC1604F65D}"
EndProject
Global
	GlobalSection(SolutionConfigurationPlatforms) = preSolution
		Debug|Any CPU = Debug|Any CPU
		Release|Any CPU = Release|Any CPU
	EndGlobalSection
	GlobalSection(ProjectConfigurationPlatforms) = postSolution
		{833BE97A-9FC0-4566-AEC8-DFFCE4EB65A9}.Debug|Any CPU.ActiveCfg = Debug|Any CPU
		{833BE97A-9FC0-4566-AEC8-DFFCE4EB65A9}.Debug|Any CPU.Build.0 = Debug|Any CPU
		{833BE97A-9FC0-4566-AEC8-DFFCE4EB65A9}.Release|Any CPU.ActiveCfg = Release|Any CPU
		{833BE97A-9FC0-4566-AEC8-DFFCE4EB65A9}.Release|Any CPU.Build.0 = Release|Any CPU
		{0D780A4E-8DDF-4A60-A09D-DB88B8939F96}.Debug|Any CPU.ActiveCfg = Debug|Any CPU
		{0D780A4E-8DDF-4A60-A09D-DB88B8939F96}.Debug|Any CPU.Build.0 = Debug|Any CPU
		{0D780A4E-8DDF-4A60-A09D-DB88B8939F96}.Release|Any CPU.ActiveCfg = Release|Any CPU
		{0D780A4E-8DDF-4A60-A09D-DB88B8939F96}.Release|Any CPU.Build.0 = Release|Any CPU
		{1B0CC0BD-DBE8-413D-A5CD-3EFC1604F65D}.Debug|Any CPU.ActiveCfg = Debug|Any CPU
		{1B0CC0BD-DBE8-413D-A5CD-3EFC1604F65D}.Debug|Any CPU.Build.0 = Debug|Any CPU
		{1B0CC0BD-DBE8-413D-A5CD-3EFC1604F65D}.Release|Any CPU.ActiveCfg = Release|Any CPU
		{1B0CC0BD-DBE8-413D-A5CD-3EFC1604F65D}.Release|Any CPU.Build.0 = Release|Any CPU
	EndGlobalSection
	GlobalSection(SolutionProperties) = preSolution
		HideSolutionNode = FALSE
	EndGlobalSection
	GlobalSection(ExtensibilityGlobals) = postSolution
		SolutionGuid = {A3BC6EE0-877A-4AB1-9020-992659494F8F}
	EndGlobalSection
EndGlobal
