
Microsoft Visual Studio Solution File, Format Version 12.00
# Visual Studio Version 16
VisualStudioVersion = 16.0.31729.503
MinimumVisualStudioVersion = 10.0.40219.1
Project("{9A19103F-16F7-4668-BE54-9A1E7A4F7556}") = "EntityFrameworkDemo", "EntityFrameworkDemo\EntityFrameworkDemo.csproj", "{17643B99-FA90-43FA-8D81-EEF8C690727F}"
EndProject
Project("{9A19103F-16F7-4668-BE54-9A1E7A4F7556}") = "CommonUtils", "CommonUtils\CommonUtils.csproj", "{FF8CE941-28E9-4847-BDC4-00002F6697FF}"
EndProject
Project("{9A19103F-16F7-4668-BE54-9A1E7A4F7556}") = "CommonDTOs", "CommonDTOs\CommonDTOs.csproj", "{3FACAF8B-BA8C-43C1-8797-BF773A3B917A}"
EndProject
Project("{9A19103F-16F7-4668-BE54-9A1E7A4F7556}") = "ServiceContracts", "ServiceContracts\ServiceContracts.csproj", "{C357DEBE-B5EC-49E4-8681-8B5CB3747411}"
EndProject
Global
	GlobalSection(SolutionConfigurationPlatforms) = preSolution
		Debug|Any CPU = Debug|Any CPU
		Release|Any CPU = Release|Any CPU
	EndGlobalSection
	GlobalSection(ProjectConfigurationPlatforms) = postSolution
		{17643B99-FA90-43FA-8D81-EEF8C690727F}.Debug|Any CPU.ActiveCfg = Debug|Any CPU
		{17643B99-FA90-43FA-8D81-EEF8C690727F}.Debug|Any CPU.Build.0 = Debug|Any CPU
		{17643B99-FA90-43FA-8D81-EEF8C690727F}.Release|Any CPU.ActiveCfg = Release|Any CPU
		{17643B99-FA90-43FA-8D81-EEF8C690727F}.Release|Any CPU.Build.0 = Release|Any CPU
		{FF8CE941-28E9-4847-BDC4-00002F6697FF}.Debug|Any CPU.ActiveCfg = Debug|Any CPU
		{FF8CE941-28E9-4847-BDC4-00002F6697FF}.Debug|Any CPU.Build.0 = Debug|Any CPU
		{FF8CE941-28E9-4847-BDC4-00002F6697FF}.Release|Any CPU.ActiveCfg = Release|Any CPU
		{FF8CE941-28E9-4847-BDC4-00002F6697FF}.Release|Any CPU.Build.0 = Release|Any CPU
		{3FACAF8B-BA8C-43C1-8797-BF773A3B917A}.Debug|Any CPU.ActiveCfg = Debug|Any CPU
		{3FACAF8B-BA8C-43C1-8797-BF773A3B917A}.Debug|Any CPU.Build.0 = Debug|Any CPU
		{3FACAF8B-BA8C-43C1-8797-BF773A3B917A}.Release|Any CPU.ActiveCfg = Release|Any CPU
		{3FACAF8B-BA8C-43C1-8797-BF773A3B917A}.Release|Any CPU.Build.0 = Release|Any CPU
		{C357DEBE-B5EC-49E4-8681-8B5CB3747411}.Debug|Any CPU.ActiveCfg = Debug|Any CPU
		{C357DEBE-B5EC-49E4-8681-8B5CB3747411}.Debug|Any CPU.Build.0 = Debug|Any CPU
		{C357DEBE-B5EC-49E4-8681-8B5CB3747411}.Release|Any CPU.ActiveCfg = Release|Any CPU
		{C357DEBE-B5EC-49E4-8681-8B5CB3747411}.Release|Any CPU.Build.0 = Release|Any CPU
	EndGlobalSection
	GlobalSection(SolutionProperties) = preSolution
		HideSolutionNode = FALSE
	EndGlobalSection
	GlobalSection(ExtensibilityGlobals) = postSolution
		SolutionGuid = {ED8A2F54-78D6-4618-B9EE-EEA7A9919D06}
	EndGlobalSection
EndGlobal
